
Microsoft Visual Studio Solution File, Format Version 12.00
# Visual Studio Version 16
VisualStudioVersion = 16.0.28729.10
MinimumVisualStudioVersion = 10.0.40219.1
Project("{FAE04EC0-301F-11D3-BF4B-00C04F79EFBC}") = "EnumerableVisualizer.Tests", "EnumerableVisualizer.Tests\EnumerableVisualizer.Tests.csproj", "{C85656F3-A22F-4218-89A8-1A54D1364923}"
EndProject
Project("{FAE04EC0-301F-11D3-BF4B-00C04F79EFBC}") = "EnumerableVisualizer", "EnumerableVisualizer\EnumerableVisualizer.csproj", "{8365CE70-3A3F-4A68-BCB5-EA4BB6698DD8}"
EndProject
Project("{9A19103F-16F7-4668-BE54-9A1E7A4F7556}") = "CoreEnumerableVisualizer", "CoreEnumerableVisualizer\CoreEnumerableVisualizer.csproj", "{BC814EE3-3797-4A5C-A3A7-492B522CF1DD}"
EndProject
Project("{9A19103F-16F7-4668-BE54-9A1E7A4F7556}") = "MySecondVisalizer", "..\..\..\..\Temp\MySecondVisalizer\MySecondVisalizer\MySecondVisalizer.csproj", "{AD4AFA8F-0F25-473F-8582-C6FC101B4665}"
EndProject
Global
	GlobalSection(SolutionConfigurationPlatforms) = preSolution
		Debug|Any CPU = Debug|Any CPU
		Release|Any CPU = Release|Any CPU
	EndGlobalSection
	GlobalSection(ProjectConfigurationPlatforms) = postSolution
		{C85656F3-A22F-4218-89A8-1A54D1364923}.Debug|Any CPU.ActiveCfg = Debug|Any CPU
		{C85656F3-A22F-4218-89A8-1A54D1364923}.Debug|Any CPU.Build.0 = Debug|Any CPU
		{C85656F3-A22F-4218-89A8-1A54D1364923}.Release|Any CPU.ActiveCfg = Release|Any CPU
		{C85656F3-A22F-4218-89A8-1A54D1364923}.Release|Any CPU.Build.0 = Release|Any CPU
		{8365CE70-3A3F-4A68-BCB5-EA4BB6698DD8}.Debug|Any CPU.ActiveCfg = Debug|Any CPU
		{8365CE70-3A3F-4A68-BCB5-EA4BB6698DD8}.Debug|Any CPU.Build.0 = Debug|Any CPU
		{8365CE70-3A3F-4A68-BCB5-EA4BB6698DD8}.Release|Any CPU.ActiveCfg = Release|Any CPU
		{8365CE70-3A3F-4A68-BCB5-EA4BB6698DD8}.Release|Any CPU.Build.0 = Release|Any CPU
		{BC814EE3-3797-4A5C-A3A7-492B522CF1DD}.Debug|Any CPU.ActiveCfg = Debug|Any CPU
		{BC814EE3-3797-4A5C-A3A7-492B522CF1DD}.Debug|Any CPU.Build.0 = Debug|Any CPU
		{BC814EE3-3797-4A5C-A3A7-492B522CF1DD}.Release|Any CPU.ActiveCfg = Release|Any CPU
		{BC814EE3-3797-4A5C-A3A7-492B522CF1DD}.Release|Any CPU.Build.0 = Release|Any CPU
		{AD4AFA8F-0F25-473F-8582-C6FC101B4665}.Debug|Any CPU.ActiveCfg = Debug|Any CPU
		{AD4AFA8F-0F25-473F-8582-C6FC101B4665}.Debug|Any CPU.Build.0 = Debug|Any CPU
		{AD4AFA8F-0F25-473F-8582-C6FC101B4665}.Release|Any CPU.ActiveCfg = Release|Any CPU
		{AD4AFA8F-0F25-473F-8582-C6FC101B4665}.Release|Any CPU.Build.0 = Release|Any CPU
	EndGlobalSection
	GlobalSection(SolutionProperties) = preSolution
		HideSolutionNode = FALSE
	EndGlobalSection
	GlobalSection(ExtensibilityGlobals) = postSolution
		SolutionGuid = {89E39DEE-66DA-460D-9E8B-6771505B797B}
	EndGlobalSection
EndGlobal
