
Microsoft Visual Studio Solution File, Format Version 12.00
# Visual Studio Version 16
VisualStudioVersion = 16.0.28729.10
MinimumVisualStudioVersion = 10.0.40219.1
Project("{FAE04EC0-301F-11D3-BF4B-00C04F79EFBC}") = "EnumerableVisualizer.Tests", "EnumerableVisualizer.Tests\EnumerableVisualizer.Tests.csproj", "{C85656F3-A22F-4218-89A8-1A54D1364923}"
EndProject
Project("{FAE04EC0-301F-11D3-BF4B-00C04F79EFBC}") = "EnumerableVisualizer", "EnumerableVisualizer\EnumerableVisualizer.csproj", "{8365CE70-3A3F-4A68-BCB5-EA4BB6698DD8}"
EndProject
Project("{2150E333-8FDC-42A3-9474-1A3956D46DE8}") = "Solution Items", "Solution Items", "{581F9798-2660-4E6C-BCFE-CCED20371013}"
	ProjectSection(SolutionItems) = preProject
		README.md = README.md
	EndProjectSection
EndProject
Global
	GlobalSection(SolutionConfigurationPlatforms) = preSolution
		Debug|Any CPU = Debug|Any CPU
		Release|Any CPU = Release|Any CPU
	EndGlobalSection
	GlobalSection(ProjectConfigurationPlatforms) = postSolution
		{C85656F3-A22F-4218-89A8-1A54D1364923}.Debug|Any CPU.ActiveCfg = Debug|Any CPU
		{C85656F3-A22F-4218-89A8-1A54D1364923}.Debug|Any CPU.Build.0 = Debug|Any CPU
		{C85656F3-A22F-4218-89A8-1A54D1364923}.Release|Any CPU.ActiveCfg = Release|Any CPU
		{C85656F3-A22F-4218-89A8-1A54D1364923}.Release|Any CPU.Build.0 = Release|Any CPU
		{8365CE70-3A3F-4A68-BCB5-EA4BB6698DD8}.Debug|Any CPU.ActiveCfg = Debug|Any CPU
		{8365CE70-3A3F-4A68-BCB5-EA4BB6698DD8}.Debug|Any CPU.Build.0 = Debug|Any CPU
		{8365CE70-3A3F-4A68-BCB5-EA4BB6698DD8}.Release|Any CPU.ActiveCfg = Release|Any CPU
		{8365CE70-3A3F-4A68-BCB5-EA4BB6698DD8}.Release|Any CPU.Build.0 = Release|Any CPU
	EndGlobalSection
	GlobalSection(SolutionProperties) = preSolution
		HideSolutionNode = FALSE
	EndGlobalSection
	GlobalSection(ExtensibilityGlobals) = postSolution
		SolutionGuid = {89E39DEE-66DA-460D-9E8B-6771505B797B}
	EndGlobalSection
EndGlobal
