
Microsoft Visual Studio Solution File, Format Version 12.00
# Visual Studio Version 16
VisualStudioVersion = 16.0.29009.5
MinimumVisualStudioVersion = 10.0.40219.1
Project("{FAE04EC0-301F-11D3-BF4B-00C04F79EFBC}") = "EnumerableVisualizer.Tests", "EnumerableVisualizer.Tests.csproj", "{C85656F3-A22F-4218-89A8-1A54D1364923}"
EndProject
Project("{9A19103F-16F7-4668-BE54-9A1E7A4F7556}") = "EnumerableVisualizer.SharedTests", "..\EnumerableVisualizer.SharedTests\EnumerableVisualizer.SharedTests.csproj", "{E5BD0327-0634-465A-9F75-AA9699E15F83}"
EndProject
Global
	GlobalSection(SolutionConfigurationPlatforms) = preSolution
		Debug|Any CPU = Debug|Any CPU
		Release|Any CPU = Release|Any CPU
	EndGlobalSection
	GlobalSection(ProjectConfigurationPlatforms) = postSolution
		{C85656F3-A22F-4218-89A8-1A54D1364923}.Debug|Any CPU.ActiveCfg = Debug|Any CPU
		{C85656F3-A22F-4218-89A8-1A54D1364923}.Debug|Any CPU.Build.0 = Debug|Any CPU
		{C85656F3-A22F-4218-89A8-1A54D1364923}.Release|Any CPU.ActiveCfg = Release|Any CPU
		{C85656F3-A22F-4218-89A8-1A54D1364923}.Release|Any CPU.Build.0 = Release|Any CPU
		{E5BD0327-0634-465A-9F75-AA9699E15F83}.Debug|Any CPU.ActiveCfg = Debug|Any CPU
		{E5BD0327-0634-465A-9F75-AA9699E15F83}.Debug|Any CPU.Build.0 = Debug|Any CPU
		{E5BD0327-0634-465A-9F75-AA9699E15F83}.Release|Any CPU.ActiveCfg = Release|Any CPU
		{E5BD0327-0634-465A-9F75-AA9699E15F83}.Release|Any CPU.Build.0 = Release|Any CPU
	EndGlobalSection
	GlobalSection(SolutionProperties) = preSolution
		HideSolutionNode = FALSE
	EndGlobalSection
	GlobalSection(ExtensibilityGlobals) = postSolution
		SolutionGuid = {A50864D7-22E5-4C18-8E67-BFA543CC7313}
	EndGlobalSection
EndGlobal
